
Microsoft Visual Studio Solution File, Format Version 12.00
# Visual Studio 15
VisualStudioVersion = 15.0.28307.1022
MinimumVisualStudioVersion = 10.0.40219.1
Project("{FAE04EC0-301F-11D3-BF4B-00C04F79EFBC}") = "WebApplication67", "WebApplication67\WebApplication67.csproj", "{013EB004-8356-4A8E-9A9D-EA62C93D00AA}"
EndProject
Global
	GlobalSection(SolutionConfigurationPlatforms) = preSolution
		Debug|Any CPU = Debug|Any CPU
		Release|Any CPU = Release|Any CPU
	EndGlobalSection
	GlobalSection(ProjectConfigurationPlatforms) = postSolution
		{013EB004-8356-4A8E-9A9D-EA62C93D00AA}.Debug|Any CPU.ActiveCfg = Debug|Any CPU
		{013EB004-8356-4A8E-9A9D-EA62C93D00AA}.Debug|Any CPU.Build.0 = Debug|Any CPU
		{013EB004-8356-4A8E-9A9D-EA62C93D00AA}.Release|Any CPU.ActiveCfg = Release|Any CPU
		{013EB004-8356-4A8E-9A9D-EA62C93D00AA}.Release|Any CPU.Build.0 = Release|Any CPU
	EndGlobalSection
	GlobalSection(SolutionProperties) = preSolution
		HideSolutionNode = FALSE
	EndGlobalSection
	GlobalSection(ExtensibilityGlobals) = postSolution
		SolutionGuid = {C6ABB1E0-DE24-4FB5-947D-BDA0E6C952CE}
	EndGlobalSection
EndGlobal
